
Microsoft Visual Studio Solution File, Format Version 12.00
# Visual Studio 14
VisualStudioVersion = 14.0.25123.0
MinimumVisualStudioVersion = 10.0.40219.1
Project("{8BC9CEB8-8B4A-11D0-8D11-00A0C91BC942}") = "ClsMonitor", "ClsMonitor\ClsMonitor.vcxproj", "{80B80195-5D7B-4612-9D65-72D388E26BDE}"
	ProjectSection(ProjectDependencies) = postProject
		{8B3AA06B-C00E-491A-98A1-774182640316} = {8B3AA06B-C00E-491A-98A1-774182640316}
	EndProjectSection
EndProject
Project("{FAE04EC0-301F-11D3-BF4B-00C04F79EFBC}") = "ClsMServer", "ClsMServer\ClsMServer.csproj", "{333DB9C8-9E57-42D6-94C9-1A9C56D67A62}"
EndProject
Project("{FAE04EC0-301F-11D3-BF4B-00C04F79EFBC}") = "ScreenLocker", "ScreenLocker\ScreenLocker.csproj", "{8B3AA06B-C00E-491A-98A1-774182640316}"
EndProject
Global
	GlobalSection(SolutionConfigurationPlatforms) = preSolution
		Debug|Any CPU = Debug|Any CPU
		Debug|x64 = Debug|x64
		Debug|x86 = Debug|x86
		Release|Any CPU = Release|Any CPU
		Release|x64 = Release|x64
		Release|x86 = Release|x86
	EndGlobalSection
	GlobalSection(ProjectConfigurationPlatforms) = postSolution
		{80B80195-5D7B-4612-9D65-72D388E26BDE}.Debug|Any CPU.ActiveCfg = Debug|Win32
		{80B80195-5D7B-4612-9D65-72D388E26BDE}.Debug|x64.ActiveCfg = Debug|x64
		{80B80195-5D7B-4612-9D65-72D388E26BDE}.Debug|x64.Build.0 = Debug|x64
		{80B80195-5D7B-4612-9D65-72D388E26BDE}.Debug|x86.ActiveCfg = Debug|Win32
		{80B80195-5D7B-4612-9D65-72D388E26BDE}.Debug|x86.Build.0 = Debug|Win32
		{80B80195-5D7B-4612-9D65-72D388E26BDE}.Release|Any CPU.ActiveCfg = Release|Win32
		{80B80195-5D7B-4612-9D65-72D388E26BDE}.Release|x64.ActiveCfg = Release|x64
		{80B80195-5D7B-4612-9D65-72D388E26BDE}.Release|x64.Build.0 = Release|x64
		{80B80195-5D7B-4612-9D65-72D388E26BDE}.Release|x86.ActiveCfg = Release|Win32
		{80B80195-5D7B-4612-9D65-72D388E26BDE}.Release|x86.Build.0 = Release|Win32
		{333DB9C8-9E57-42D6-94C9-1A9C56D67A62}.Debug|Any CPU.ActiveCfg = Debug|Any CPU
		{333DB9C8-9E57-42D6-94C9-1A9C56D67A62}.Debug|Any CPU.Build.0 = Debug|Any CPU
		{333DB9C8-9E57-42D6-94C9-1A9C56D67A62}.Debug|x64.ActiveCfg = Debug|Any CPU
		{333DB9C8-9E57-42D6-94C9-1A9C56D67A62}.Debug|x64.Build.0 = Debug|Any CPU
		{333DB9C8-9E57-42D6-94C9-1A9C56D67A62}.Debug|x86.ActiveCfg = Debug|Any CPU
		{333DB9C8-9E57-42D6-94C9-1A9C56D67A62}.Debug|x86.Build.0 = Debug|Any CPU
		{333DB9C8-9E57-42D6-94C9-1A9C56D67A62}.Release|Any CPU.ActiveCfg = Release|Any CPU
		{333DB9C8-9E57-42D6-94C9-1A9C56D67A62}.Release|Any CPU.Build.0 = Release|Any CPU
		{333DB9C8-9E57-42D6-94C9-1A9C56D67A62}.Release|x64.ActiveCfg = Release|Any CPU
		{333DB9C8-9E57-42D6-94C9-1A9C56D67A62}.Release|x64.Build.0 = Release|Any CPU
		{333DB9C8-9E57-42D6-94C9-1A9C56D67A62}.Release|x86.ActiveCfg = Release|Any CPU
		{333DB9C8-9E57-42D6-94C9-1A9C56D67A62}.Release|x86.Build.0 = Release|Any CPU
		{8B3AA06B-C00E-491A-98A1-774182640316}.Debug|Any CPU.ActiveCfg = Debug|Any CPU
		{8B3AA06B-C00E-491A-98A1-774182640316}.Debug|Any CPU.Build.0 = Debug|Any CPU
		{8B3AA06B-C00E-491A-98A1-774182640316}.Debug|x64.ActiveCfg = Debug|Any CPU
		{8B3AA06B-C00E-491A-98A1-774182640316}.Debug|x64.Build.0 = Debug|Any CPU
		{8B3AA06B-C00E-491A-98A1-774182640316}.Debug|x86.ActiveCfg = Debug|Any CPU
		{8B3AA06B-C00E-491A-98A1-774182640316}.Debug|x86.Build.0 = Debug|Any CPU
		{8B3AA06B-C00E-491A-98A1-774182640316}.Release|Any CPU.ActiveCfg = Release|Any CPU
		{8B3AA06B-C00E-491A-98A1-774182640316}.Release|Any CPU.Build.0 = Release|Any CPU
		{8B3AA06B-C00E-491A-98A1-774182640316}.Release|x64.ActiveCfg = Release|Any CPU
		{8B3AA06B-C00E-491A-98A1-774182640316}.Release|x64.Build.0 = Release|Any CPU
		{8B3AA06B-C00E-491A-98A1-774182640316}.Release|x86.ActiveCfg = Release|Any CPU
		{8B3AA06B-C00E-491A-98A1-774182640316}.Release|x86.Build.0 = Release|Any CPU
	EndGlobalSection
	GlobalSection(SolutionProperties) = preSolution
		HideSolutionNode = FALSE
	EndGlobalSection
EndGlobal
